// !$*UTF8*$!
{
	archiveVersion = 1;
	classes = {
	};
	objectVersion = 50;
	objects = {

/* Begin PBXBuildFile section */
		EF5333E12694C9990002D7E1 /* main.swift in Sources */ = {isa = PBXBuildFile; fileRef = EF5333E02694C9990002D7E1 /* main.swift */; };
		EF5333E82694CBBD0002D7E1 /* ConsoleIO.swift in Sources */ = {isa = PBXBuildFile; fileRef = EF5333E72694CBBD0002D7E1 /* ConsoleIO.swift */; };
		EF5333EC2694D1990002D7E1 /* Fractions.swift in Sources */ = {isa = PBXBuildFile; fileRef = EF5333EB2694D1990002D7E1 /* Fractions.swift */; };
		EF984CAA2696AD7A007ED84C /* FractionsTests.swift in Sources */ = {isa = PBXBuildFile; fileRef = EF984CA92696AD7A007ED84C /* FractionsTests.swift */; };
		EF984CB02696B34C007ED84C /* Fractions.swift in Sources */ = {isa = PBXBuildFile; fileRef = EF5333EB2694D1990002D7E1 /* Fractions.swift */; };
		EF984CB12696B38C007ED84C /* ConsoleIO.swift in Sources */ = {isa = PBXBuildFile; fileRef = EF5333E72694CBBD0002D7E1 /* ConsoleIO.swift */; };
		EF984CB22696B38E007ED84C /* main.swift in Sources */ = {isa = PBXBuildFile; fileRef = EF5333E02694C9990002D7E1 /* main.swift */; };
/* End PBXBuildFile section */

/* Begin PBXCopyFilesBuildPhase section */
		EF5333DB2694C9990002D7E1 /* CopyFiles */ = {
			isa = PBXCopyFilesBuildPhase;
			buildActionMask = 2147483647;
			dstPath = /usr/share/man/man1/;
			dstSubfolderSpec = 0;
			files = (
			);
			runOnlyForDeploymentPostprocessing = 1;
		};
/* End PBXCopyFilesBuildPhase section */

/* Begin PBXFileReference section */
		EF5333DD2694C9990002D7E1 /* OneLogin */ = {isa = PBXFileReference; explicitFileType = "compiled.mach-o.executable"; includeInIndex = 0; path = OneLogin; sourceTree = BUILT_PRODUCTS_DIR; };
		EF5333E02694C9990002D7E1 /* main.swift */ = {isa = PBXFileReference; lastKnownFileType = sourcecode.swift; path = main.swift; sourceTree = "<group>"; };
		EF5333E72694CBBD0002D7E1 /* ConsoleIO.swift */ = {isa = PBXFileReference; lastKnownFileType = sourcecode.swift; path = ConsoleIO.swift; sourceTree = "<group>"; };
		EF5333EB2694D1990002D7E1 /* Fractions.swift */ = {isa = PBXFileReference; lastKnownFileType = sourcecode.swift; path = Fractions.swift; sourceTree = "<group>"; };
		EF984CA72696AD7A007ED84C /* FractionsTests.xctest */ = {isa = PBXFileReference; explicitFileType = wrapper.cfbundle; includeInIndex = 0; path = FractionsTests.xctest; sourceTree = BUILT_PRODUCTS_DIR; };
		EF984CA92696AD7A007ED84C /* FractionsTests.swift */ = {isa = PBXFileReference; lastKnownFileType = sourcecode.swift; path = FractionsTests.swift; sourceTree = "<group>"; };
		EF984CAB2696AD7A007ED84C /* Info.plist */ = {isa = PBXFileReference; lastKnownFileType = text.plist.xml; path = Info.plist; sourceTree = "<group>"; };
/* End PBXFileReference section */

/* Begin PBXFrameworksBuildPhase section */
		EF5333DA2694C9990002D7E1 /* Frameworks */ = {
			isa = PBXFrameworksBuildPhase;
			buildActionMask = 2147483647;
			files = (
			);
			runOnlyForDeploymentPostprocessing = 0;
		};
		EF984CA42696AD7A007ED84C /* Frameworks */ = {
			isa = PBXFrameworksBuildPhase;
			buildActionMask = 2147483647;
			files = (
			);
			runOnlyForDeploymentPostprocessing = 0;
		};
/* End PBXFrameworksBuildPhase section */

/* Begin PBXGroup section */
		EF5333D42694C9990002D7E1 = {
			isa = PBXGroup;
			children = (
				EF5333DF2694C9990002D7E1 /* OneLogin */,
				EF984CA82696AD7A007ED84C /* FractionsTests */,
				EF5333DE2694C9990002D7E1 /* Products */,
			);
			sourceTree = "<group>";
		};
		EF5333DE2694C9990002D7E1 /* Products */ = {
			isa = PBXGroup;
			children = (
				EF5333DD2694C9990002D7E1 /* OneLogin */,
				EF984CA72696AD7A007ED84C /* FractionsTests.xctest */,
			);
			name = Products;
			sourceTree = "<group>";
		};
		EF5333DF2694C9990002D7E1 /* OneLogin */ = {
			isa = PBXGroup;
			children = (
				EF5333E02694C9990002D7E1 /* main.swift */,
				EF5333E72694CBBD0002D7E1 /* ConsoleIO.swift */,
				EF5333EB2694D1990002D7E1 /* Fractions.swift */,
			);
			path = OneLogin;
			sourceTree = "<group>";
		};
		EF984CA82696AD7A007ED84C /* FractionsTests */ = {
			isa = PBXGroup;
			children = (
				EF984CA92696AD7A007ED84C /* FractionsTests.swift */,
				EF984CAB2696AD7A007ED84C /* Info.plist */,
			);
			path = FractionsTests;
			sourceTree = "<group>";
		};
/* End PBXGroup section */

/* Begin PBXNativeTarget section */
		EF5333DC2694C9990002D7E1 /* OneLogin */ = {
			isa = PBXNativeTarget;
			buildConfigurationList = EF5333E42694C9990002D7E1 /* Build configuration list for PBXNativeTarget "OneLogin" */;
			buildPhases = (
				EF5333D92694C9990002D7E1 /* Sources */,
				EF5333DA2694C9990002D7E1 /* Frameworks */,
				EF5333DB2694C9990002D7E1 /* CopyFiles */,
			);
			buildRules = (
			);
			dependencies = (
			);
			name = OneLogin;
			productName = OneLogin;
			productReference = EF5333DD2694C9990002D7E1 /* OneLogin */;
			productType = "com.apple.product-type.tool";
		};
		EF984CA62696AD7A007ED84C /* FractionsTests */ = {
			isa = PBXNativeTarget;
			buildConfigurationList = EF984CAC2696AD7A007ED84C /* Build configuration list for PBXNativeTarget "FractionsTests" */;
			buildPhases = (
				EF984CA32696AD7A007ED84C /* Sources */,
				EF984CA42696AD7A007ED84C /* Frameworks */,
				EF984CA52696AD7A007ED84C /* Resources */,
			);
			buildRules = (
			);
			dependencies = (
			);
			name = FractionsTests;
			productName = FractionsTests;
			productReference = EF984CA72696AD7A007ED84C /* FractionsTests.xctest */;
			productType = "com.apple.product-type.bundle.unit-test";
		};
/* End PBXNativeTarget section */

/* Begin PBXProject section */
		EF5333D52694C9990002D7E1 /* Project object */ = {
			isa = PBXProject;
			attributes = {
				LastSwiftUpdateCheck = 1250;
				LastUpgradeCheck = 1250;
				TargetAttributes = {
					EF5333DC2694C9990002D7E1 = {
						CreatedOnToolsVersion = 12.5;
					};
					EF984CA62696AD7A007ED84C = {
						CreatedOnToolsVersion = 12.5;
					};
				};
			};
			buildConfigurationList = EF5333D82694C9990002D7E1 /* Build configuration list for PBXProject "OneLogin" */;
			compatibilityVersion = "Xcode 9.3";
			developmentRegion = en;
			hasScannedForEncodings = 0;
			knownRegions = (
				en,
				Base,
			);
			mainGroup = EF5333D42694C9990002D7E1;
			productRefGroup = EF5333DE2694C9990002D7E1 /* Products */;
			projectDirPath = "";
			projectRoot = "";
			targets = (
				EF5333DC2694C9990002D7E1 /* OneLogin */,
				EF984CA62696AD7A007ED84C /* FractionsTests */,
			);
		};
/* End PBXProject section */

/* Begin PBXResourcesBuildPhase section */
		EF984CA52696AD7A007ED84C /* Resources */ = {
			isa = PBXResourcesBuildPhase;
			buildActionMask = 2147483647;
			files = (
			);
			runOnlyForDeploymentPostprocessing = 0;
		};
/* End PBXResourcesBuildPhase section */

/* Begin PBXSourcesBuildPhase section */
		EF5333D92694C9990002D7E1 /* Sources */ = {
			isa = PBXSourcesBuildPhase;
			buildActionMask = 2147483647;
			files = (
				EF5333E12694C9990002D7E1 /* main.swift in Sources */,
				EF5333E82694CBBD0002D7E1 /* ConsoleIO.swift in Sources */,
				EF5333EC2694D1990002D7E1 /* Fractions.swift in Sources */,
			);
			runOnlyForDeploymentPostprocessing = 0;
		};
		EF984CA32696AD7A007ED84C /* Sources */ = {
			isa = PBXSourcesBuildPhase;
			buildActionMask = 2147483647;
			files = (
				EF984CB12696B38C007ED84C /* ConsoleIO.swift in Sources */,
				EF984CAA2696AD7A007ED84C /* FractionsTests.swift in Sources */,
				EF984CB22696B38E007ED84C /* main.swift in Sources */,
				EF984CB02696B34C007ED84C /* Fractions.swift in Sources */,
			);
			runOnlyForDeploymentPostprocessing = 0;
		};
/* End PBXSourcesBuildPhase section */

/* Begin XCBuildConfiguration section */
		EF5333E22694C9990002D7E1 /* Debug */ = {
			isa = XCBuildConfiguration;
			buildSettings = {
				ALWAYS_SEARCH_USER_PATHS = NO;
				CLANG_ANALYZER_NONNULL = YES;
				CLANG_ANALYZER_NUMBER_OBJECT_CONVERSION = YES_AGGRESSIVE;
				CLANG_CXX_LANGUAGE_STANDARD = "gnu++14";
				CLANG_CXX_LIBRARY = "libc++";
				CLANG_ENABLE_MODULES = YES;
				CLANG_ENABLE_OBJC_ARC = YES;
				CLANG_ENABLE_OBJC_WEAK = YES;
				CLANG_WARN_BLOCK_CAPTURE_AUTORELEASING = YES;
				CLANG_WARN_BOOL_CONVERSION = YES;
				CLANG_WARN_COMMA = YES;
				CLANG_WARN_CONSTANT_CONVERSION = YES;
				CLANG_WARN_DEPRECATED_OBJC_IMPLEMENTATIONS = YES;
				CLANG_WARN_DIRECT_OBJC_ISA_USAGE = YES_ERROR;
				CLANG_WARN_DOCUMENTATION_COMMENTS = YES;
				CLANG_WARN_EMPTY_BODY = YES;
				CLANG_WARN_ENUM_CONVERSION = YES;
				CLANG_WARN_INFINITE_RECURSION = YES;
				CLANG_WARN_INT_CONVERSION = YES;
				CLANG_WARN_NON_LITERAL_NULL_CONVERSION = YES;
				CLANG_WARN_OBJC_IMPLICIT_RETAIN_SELF = YES;
				CLANG_WARN_OBJC_LITERAL_CONVERSION = YES;
				CLANG_WARN_OBJC_ROOT_CLASS = YES_ERROR;
				CLANG_WARN_QUOTED_INCLUDE_IN_FRAMEWORK_HEADER = YES;
				CLANG_WARN_RANGE_LOOP_ANALYSIS = YES;
				CLANG_WARN_STRICT_PROTOTYPES = YES;
				CLANG_WARN_SUSPICIOUS_MOVE = YES;
				CLANG_WARN_UNGUARDED_AVAILABILITY = YES_AGGRESSIVE;
				CLANG_WARN_UNREACHABLE_CODE = YES;
				CLANG_WARN__DUPLICATE_METHOD_MATCH = YES;
				COPY_PHASE_STRIP = NO;
				DEBUG_INFORMATION_FORMAT = dwarf;
				ENABLE_STRICT_OBJC_MSGSEND = YES;
				ENABLE_TESTABILITY = YES;
				GCC_C_LANGUAGE_STANDARD = gnu11;
				GCC_DYNAMIC_NO_PIC = NO;
				GCC_NO_COMMON_BLOCKS = YES;
				GCC_OPTIMIZATION_LEVEL = 0;
				GCC_PREPROCESSOR_DEFINITIONS = (
					"DEBUG=1",
					"$(inherited)",
				);
				GCC_WARN_64_TO_32_BIT_CONVERSION = YES;
				GCC_WARN_ABOUT_RETURN_TYPE = YES_ERROR;
				GCC_WARN_UNDECLARED_SELECTOR = YES;
				GCC_WARN_UNINITIALIZED_AUTOS = YES_AGGRESSIVE;
				GCC_WARN_UNUSED_FUNCTION = YES;
				GCC_WARN_UNUSED_VARIABLE = YES;
				MACOSX_DEPLOYMENT_TARGET = 11.3;
				MTL_ENABLE_DEBUG_INFO = INCLUDE_SOURCE;
				MTL_FAST_MATH = YES;
				ONLY_ACTIVE_ARCH = YES;
				SDKROOT = macosx;
				SWIFT_ACTIVE_COMPILATION_CONDITIONS = DEBUG;
				SWIFT_OPTIMIZATION_LEVEL = "-Onone";
			};
			name = Debug;
		};
		EF5333E32694C9990002D7E1 /* Release */ = {
			isa = XCBuildConfiguration;
			buildSettings = {
				ALWAYS_SEARCH_USER_PATHS = NO;
				CLANG_ANALYZER_NONNULL = YES;
				CLANG_ANALYZER_NUMBER_OBJECT_CONVERSION = YES_AGGRESSIVE;
				CLANG_CXX_LANGUAGE_STANDARD = "gnu++14";
				CLANG_CXX_LIBRARY = "libc++";
				CLANG_ENABLE_MODULES = YES;
				CLANG_ENABLE_OBJC_ARC = YES;
				CLANG_ENABLE_OBJC_WEAK = YES;
				CLANG_WARN_BLOCK_CAPTURE_AUTORELEASING = YES;
				CLANG_WARN_BOOL_CONVERSION = YES;
				CLANG_WARN_COMMA = YES;
				CLANG_WARN_CONSTANT_CONVERSION = YES;
				CLANG_WARN_DEPRECATED_OBJC_IMPLEMENTATIONS = YES;
				CLANG_WARN_DIRECT_OBJC_ISA_USAGE = YES_ERROR;
				CLANG_WARN_DOCUMENTATION_COMMENTS = YES;
				CLANG_WARN_EMPTY_BODY = YES;
				CLANG_WARN_ENUM_CONVERSION = YES;
				CLANG_WARN_INFINITE_RECURSION = YES;
				CLANG_WARN_INT_CONVERSION = YES;
				CLANG_WARN_NON_LITERAL_NULL_CONVERSION = YES;
				CLANG_WARN_OBJC_IMPLICIT_RETAIN_SELF = YES;
				CLANG_WARN_OBJC_LITERAL_CONVERSION = YES;
				CLANG_WARN_OBJC_ROOT_CLASS = YES_ERROR;
				CLANG_WARN_QUOTED_INCLUDE_IN_FRAMEWORK_HEADER = YES;
				CLANG_WARN_RANGE_LOOP_ANALYSIS = YES;
				CLANG_WARN_STRICT_PROTOTYPES = YES;
				CLANG_WARN_SUSPICIOUS_MOVE = YES;
				CLANG_WARN_UNGUARDED_AVAILABILITY = YES_AGGRESSIVE;
				CLANG_WARN_UNREACHABLE_CODE = YES;
				CLANG_WARN__DUPLICATE_METHOD_MATCH = YES;
				COPY_PHASE_STRIP = NO;
				DEBUG_INFORMATION_FORMAT = "dwarf-with-dsym";
				ENABLE_NS_ASSERTIONS = NO;
				ENABLE_STRICT_OBJC_MSGSEND = YES;
				GCC_C_LANGUAGE_STANDARD = gnu11;
				GCC_NO_COMMON_BLOCKS = YES;
				GCC_WARN_64_TO_32_BIT_CONVERSION = YES;
				GCC_WARN_ABOUT_RETURN_TYPE = YES_ERROR;
				GCC_WARN_UNDECLARED_SELECTOR = YES;
				GCC_WARN_UNINITIALIZED_AUTOS = YES_AGGRESSIVE;
				GCC_WARN_UNUSED_FUNCTION = YES;
				GCC_WARN_UNUSED_VARIABLE = YES;
				MACOSX_DEPLOYMENT_TARGET = 11.3;
				MTL_ENABLE_DEBUG_INFO = NO;
				MTL_FAST_MATH = YES;
				SDKROOT = macosx;
				SWIFT_COMPILATION_MODE = wholemodule;
				SWIFT_OPTIMIZATION_LEVEL = "-O";
			};
			name = Release;
		};
		EF5333E52694C9990002D7E1 /* Debug */ = {
			isa = XCBuildConfiguration;
			buildSettings = {
				CODE_SIGN_STYLE = Automatic;
				DEVELOPMENT_TEAM = ZD35H7K52T;
				ENABLE_HARDENED_RUNTIME = YES;
				ENABLE_TESTABILITY = YES;
				PRODUCT_NAME = "$(TARGET_NAME)";
				SWIFT_VERSION = 5.0;
			};
			name = Debug;
		};
		EF5333E62694C9990002D7E1 /* Release */ = {
			isa = XCBuildConfiguration;
			buildSettings = {
				CODE_SIGN_STYLE = Automatic;
				DEVELOPMENT_TEAM = ZD35H7K52T;
				ENABLE_HARDENED_RUNTIME = YES;
				ENABLE_TESTABILITY = YES;
				PRODUCT_NAME = "$(TARGET_NAME)";
				SWIFT_VERSION = 5.0;
			};
			name = Release;
		};
		EF984CAD2696AD7A007ED84C /* Debug */ = {
			isa = XCBuildConfiguration;
			buildSettings = {
				CODE_SIGN_STYLE = Automatic;
				COMBINE_HIDPI_IMAGES = YES;
				DEVELOPMENT_TEAM = ZD35H7K52T;
				INFOPLIST_FILE = FractionsTests/Info.plist;
				LD_RUNPATH_SEARCH_PATHS = (
					"$(inherited)",
					"@executable_path/../Frameworks",
					"@loader_path/../Frameworks",
				);
				PRODUCT_BUNDLE_IDENTIFIER = com.Platzi.FractionsTests;
				PRODUCT_NAME = "$(TARGET_NAME)";
				SWIFT_VERSION = 5.0;
			};
			name = Debug;
		};
		EF984CAE2696AD7A007ED84C /* Release */ = {
			isa = XCBuildConfiguration;
			buildSettings = {
				CODE_SIGN_STYLE = Automatic;
				COMBINE_HIDPI_IMAGES = YES;
				DEVELOPMENT_TEAM = ZD35H7K52T;
				INFOPLIST_FILE = FractionsTests/Info.plist;
				LD_RUNPATH_SEARCH_PATHS = (
					"$(inherited)",
					"@executable_path/../Frameworks",
					"@loader_path/../Frameworks",
				);
				PRODUCT_BUNDLE_IDENTIFIER = com.Platzi.FractionsTests;
				PRODUCT_NAME = "$(TARGET_NAME)";
				SWIFT_VERSION = 5.0;
			};
			name = Release;
		};
/* End XCBuildConfiguration section */

/* Begin XCConfigurationList section */
		EF5333D82694C9990002D7E1 /* Build configuration list for PBXProject "OneLogin" */ = {
			isa = XCConfigurationList;
			buildConfigurations = (
				EF5333E22694C9990002D7E1 /* Debug */,
				EF5333E32694C9990002D7E1 /* Release */,
			);
			defaultConfigurationIsVisible = 0;
			defaultConfigurationName = Release;
		};
		EF5333E42694C9990002D7E1 /* Build configuration list for PBXNativeTarget "OneLogin" */ = {
			isa = XCConfigurationList;
			buildConfigurations = (
				EF5333E52694C9990002D7E1 /* Debug */,
				EF5333E62694C9990002D7E1 /* Release */,
			);
			defaultConfigurationIsVisible = 0;
			defaultConfigurationName = Release;
		};
		EF984CAC2696AD7A007ED84C /* Build configuration list for PBXNativeTarget "FractionsTests" */ = {
			isa = XCConfigurationList;
			buildConfigurations = (
				EF984CAD2696AD7A007ED84C /* Debug */,
				EF984CAE2696AD7A007ED84C /* Release */,
			);
			defaultConfigurationIsVisible = 0;
			defaultConfigurationName = Release;
		};
/* End XCConfigurationList section */
	};
	rootObject = EF5333D52694C9990002D7E1 /* Project object */;
}
